
Microsoft Visual Studio Solution File, Format Version 12.00
# Visual Studio 15
VisualStudioVersion = 15.0.28010.2046
MinimumVisualStudioVersion = 10.0.40219.1
Project("{FAE04EC0-301F-11D3-BF4B-00C04F79EFBC}") = "Expression", "Expression\Expression.csproj", "{805C5958-04CB-4029-BEC4-389F00A1B8A1}"
EndProject
Global
	GlobalSection(SolutionConfigurationPlatforms) = preSolution
		Debug|Any CPU = Debug|Any CPU
		Release|Any CPU = Release|Any CPU
	EndGlobalSection
	GlobalSection(ProjectConfigurationPlatforms) = postSolution
		{805C5958-04CB-4029-BEC4-389F00A1B8A1}.Debug|Any CPU.ActiveCfg = Debug|Any CPU
		{805C5958-04CB-4029-BEC4-389F00A1B8A1}.Debug|Any CPU.Build.0 = Debug|Any CPU
		{805C5958-04CB-4029-BEC4-389F00A1B8A1}.Release|Any CPU.ActiveCfg = Release|Any CPU
		{805C5958-04CB-4029-BEC4-389F00A1B8A1}.Release|Any CPU.Build.0 = Release|Any CPU
	EndGlobalSection
	GlobalSection(SolutionProperties) = preSolution
		HideSolutionNode = FALSE
	EndGlobalSection
	GlobalSection(ExtensibilityGlobals) = postSolution
		SolutionGuid = {9EC7C79E-7DCC-4BB0-A5B6-CF1A74223F45}
	EndGlobalSection
EndGlobal
